SITE
  remote: http://community.opscode.com/api/v1
  specs:
    apt (2.0.0)
    build-essential (1.4.0)
    chef_handler (1.1.4)
    fail2ban (1.2.2)
      yum (>= 0.0.0)
    iptables (0.12.0)
    java (1.11.6)
      windows (>= 0.0.0)
    nginx (1.7.0)
      apt (>= 0.0.0)
      build-essential (>= 0.0.0)
      ohai (>= 1.1.4)
      runit (>= 0.0.0)
      yum (>= 0.0.0)
    ohai (1.1.10)
    openssh (1.2.0)
      iptables (>= 0.0.0)
    runit (1.1.6)
      build-essential (>= 0.0.0)
      yum (>= 0.0.0)
    simple_iptables (0.3.0)
    user (0.3.0)
    windows (1.10.0)
      chef_handler (>= 0.0.0)
    yum (2.3.0)

GIT
  remote: git://github.com/cfitz/chef-homesick.git
  ref: master
  sha: 1b5ded0b7f88a58104ffcadff419260abb1d2ad8
  specs:
    homesick (0.3.3)

DEPENDENCIES
  apt (>= 0)
  fail2ban (>= 0)
  homesick (>= 0)
  java (>= 0)
  nginx (>= 0)
  openssh (>= 0)
  simple_iptables (>= 0)
  user (>= 0)

